
Microsoft Visual Studio Solution File, Format Version 12.00
# Visual Studio Version 16
VisualStudioVersion = 16.0.30804.86
MinimumVisualStudioVersion = 10.0.40219.1
Project("{FAE04EC0-301F-11D3-BF4B-00C04F79EFBC}") = "MVCAPI", "MVCAPI\MVCAPI.csproj", "{CED7CAF9-0CE7-41E7-BC66-D74E2CB68BB1}"
EndProject
Global
	GlobalSection(SolutionConfigurationPlatforms) = preSolution
		Debug|Any CPU = Debug|Any CPU
		Release|Any CPU = Release|Any CPU
	EndGlobalSection
	GlobalSection(ProjectConfigurationPlatforms) = postSolution
		{CED7CAF9-0CE7-41E7-BC66-D74E2CB68BB1}.Debug|Any CPU.ActiveCfg = Debug|Any CPU
		{CED7CAF9-0CE7-41E7-BC66-D74E2CB68BB1}.Debug|Any CPU.Build.0 = Debug|Any CPU
		{CED7CAF9-0CE7-41E7-BC66-D74E2CB68BB1}.Release|Any CPU.ActiveCfg = Release|Any CPU
		{CED7CAF9-0CE7-41E7-BC66-D74E2CB68BB1}.Release|Any CPU.Build.0 = Release|Any CPU
	EndGlobalSection
	GlobalSection(SolutionProperties) = preSolution
		HideSolutionNode = FALSE
	EndGlobalSection
	GlobalSection(ExtensibilityGlobals) = postSolution
		SolutionGuid = {B9803D19-29EA-4B67-976A-8020A49E5BD9}
	EndGlobalSection
EndGlobal
